
Microsoft Visual Studio Solution File, Format Version 12.00
# Visual Studio Version 17
VisualStudioVersion = 17.3.32804.467
MinimumVisualStudioVersion = 10.0.40219.1
Project("{9A19103F-16F7-4668-BE54-9A1E7A4F7556}") = "AVLTreePractice", "AVLTreePractice\AVLTreePractice.csproj", "{CD7B439E-8B7D-4EF2-A098-FCE4794301D3}"
EndProject
Project("{FAE04EC0-301F-11D3-BF4B-00C04F79EFBC}") = "ExampleTest", "ExampleTest\ExampleTest.csproj", "{E958A2B8-9074-4404-AD07-B31859F4E556}"
EndProject
Global
	GlobalSection(SolutionConfigurationPlatforms) = preSolution
		Debug|Any CPU = Debug|Any CPU
		Release|Any CPU = Release|Any CPU
	EndGlobalSection
	GlobalSection(ProjectConfigurationPlatforms) = postSolution
		{CD7B439E-8B7D-4EF2-A098-FCE4794301D3}.Debug|Any CPU.ActiveCfg = Debug|Any CPU
		{CD7B439E-8B7D-4EF2-A098-FCE4794301D3}.Debug|Any CPU.Build.0 = Debug|Any CPU
		{CD7B439E-8B7D-4EF2-A098-FCE4794301D3}.Release|Any CPU.ActiveCfg = Release|Any CPU
		{CD7B439E-8B7D-4EF2-A098-FCE4794301D3}.Release|Any CPU.Build.0 = Release|Any CPU
		{E958A2B8-9074-4404-AD07-B31859F4E556}.Debug|Any CPU.ActiveCfg = Debug|Any CPU
		{E958A2B8-9074-4404-AD07-B31859F4E556}.Debug|Any CPU.Build.0 = Debug|Any CPU
		{E958A2B8-9074-4404-AD07-B31859F4E556}.Release|Any CPU.ActiveCfg = Release|Any CPU
		{E958A2B8-9074-4404-AD07-B31859F4E556}.Release|Any CPU.Build.0 = Release|Any CPU
	EndGlobalSection
	GlobalSection(SolutionProperties) = preSolution
		HideSolutionNode = FALSE
	EndGlobalSection
	GlobalSection(ExtensibilityGlobals) = postSolution
		SolutionGuid = {447FA4EF-9E66-462C-AB6C-8276B653C586}
	EndGlobalSection
EndGlobal
